{
  "version": 4,
  "terraform_version": "0.14.7",
  "serial": 46,
  "lineage": "98098505-4413-dd5b-7dec-9be75ab14a60",
  "outputs": {
    "eks_cluster_certificat_authority": {
      "value": [
        {
          "data": "LS0tLS1CRUdJTiBDRVJUSUZJQ0FURS0tLS0tCk1JSUN5RENDQWJDZ0F3SUJBZ0lCQURBTkJna3Foa2lHOXcwQkFRc0ZBREFWTVJNd0VRWURWUVFERXdwcmRXSmwKY201bGRHVnpNQjRYRFRJeE1ETXdNekEyTXpJeE9Wb1hEVE14TURNd01UQTJNekl4T1Zvd0ZURVRNQkVHQTFVRQpBeE1LYTNWaVpYSnVaWFJsY3pDQ0FTSXdEUVlKS29aSWh2Y05BUUVCQlFBRGdnRVBBRENDQVFvQ2dnRUJBTFpnCkpwQlN1VHI2dG90ek5FRmZYMEV2cHRnaGgzM3phNFpMdjY1Sm5jZkQwU05FcFlqbXZJYXdoZXlJaXJWWGpibEoKcFhPbCtWbzJRYmhnd0J6dDBSVzlQWUZQSlhWK0IvNnRTNlhEaGZoQ3pKRDlodzJ0ekxMTG1HL0xObTdZbEhMdgozU1BpOHoxZXJac1Q3c0x5aTRHTU1iU0dwQy91SVFnN2pka3JLZGRYQU9GdDNBbFlnZXZxVkVVRDVPOHB1cU1lCk5XeHcya0N5RC80d25KRUJsR3pMT2l2Q0tzVWZncTliR0V4ajBUS2d6OXdzVmdZQVBsTDI4Nk56SWdmcGpJRUsKdG04MWd6MUFwekhnYjluUUtlRkNvWkRUcHI3WTlYT2ttRVlTcEVQRGIwcjRRMUoreHdydXUzeldFaWVnWU9rVwpYUWFqQVlGaForTVJaN2kvUE1rQ0F3RUFBYU1qTUNFd0RnWURWUjBQQVFIL0JBUURBZ0trTUE4R0ExVWRFd0VCCi93UUZNQU1CQWY4d0RRWUpLb1pJaHZjTkFRRUxCUUFEZ2dFQkFEOEluUVV1dVNpZm0yYm8zSWhKcXB6cGhlVW0KdktKUVRSaXdQZ3dabUplVHN6WUdWc0xWRk1aZmFsQXBPY1U4dlVYdkZTWThOaW1iQnY4MTlzNnM4WlhXS0VqbwpXeUdOb1B0eW9jSnVaQisrV0pNdlB2SS9jNi9WSGttamZ2ZElrYm8rbDZHKzRSVEZBUmF5WGVJVDFFTWN5SXFwCnhqWkE4WkJ3WU90RGxlTEplQ3gvWnJkeHFUNUg3cW1MWkpRVUxMc0FtckFLR3JwY1UvaS94a0lrQis1ZGhrR1UKOThhVTB5TjhtOFRiRzBJMVoxa3ZJNGQ1aTlkSEhicDhnVzhRbnI1Wk1zY2luTFdqbjF3WmRKUzBwcUsxM3BLbwoxK2kyTGkxMWRGZHVSaTVDTS95Sy8zQjJsZHFVaVNQMGFDM0RXRHg3ODkwZ3BTNWN4RERMK3llRzZPVT0KLS0tLS1FTkQgQ0VSVElGSUNBVEUtLS0tLQo="
        }
      ],
      "type": [
        "list",
        [
          "object",
          {
            "data": "string"
          }
        ]
      ]
    },
    "eks_cluster_endpoint": {
      "value": "https://02C31264536AB34CEBC78C1E3D2489CB.gr7.us-east-2.eks.amazonaws.com",
      "type": "string"
    }
  },
  "resources": [
    {
      "mode": "managed",
      "type": "aws_eks_cluster",
      "name": "aws_eks",
      "provider": "provider[\"registry.terraform.io/hashicorp/aws\"]",
      "instances": [
        {
          "index_key": 0,
          "schema_version": 0,
          "attributes": {
            "arn": "arn:aws:eks:us-east-2:784283649222:cluster/eks_cluster_test-0",
            "certificate_authority": [
              {
                "data": "LS0tLS1CRUdJTiBDRVJUSUZJQ0FURS0tLS0tCk1JSUN5RENDQWJDZ0F3SUJBZ0lCQURBTkJna3Foa2lHOXcwQkFRc0ZBREFWTVJNd0VRWURWUVFERXdwcmRXSmwKY201bGRHVnpNQjRYRFRJeE1ETXdNekEyTXpJeE9Wb1hEVE14TURNd01UQTJNekl4T1Zvd0ZURVRNQkVHQTFVRQpBeE1LYTNWaVpYSnVaWFJsY3pDQ0FTSXdEUVlKS29aSWh2Y05BUUVCQlFBRGdnRVBBRENDQVFvQ2dnRUJBTFpnCkpwQlN1VHI2dG90ek5FRmZYMEV2cHRnaGgzM3phNFpMdjY1Sm5jZkQwU05FcFlqbXZJYXdoZXlJaXJWWGpibEoKcFhPbCtWbzJRYmhnd0J6dDBSVzlQWUZQSlhWK0IvNnRTNlhEaGZoQ3pKRDlodzJ0ekxMTG1HL0xObTdZbEhMdgozU1BpOHoxZXJac1Q3c0x5aTRHTU1iU0dwQy91SVFnN2pka3JLZGRYQU9GdDNBbFlnZXZxVkVVRDVPOHB1cU1lCk5XeHcya0N5RC80d25KRUJsR3pMT2l2Q0tzVWZncTliR0V4ajBUS2d6OXdzVmdZQVBsTDI4Nk56SWdmcGpJRUsKdG04MWd6MUFwekhnYjluUUtlRkNvWkRUcHI3WTlYT2ttRVlTcEVQRGIwcjRRMUoreHdydXUzeldFaWVnWU9rVwpYUWFqQVlGaForTVJaN2kvUE1rQ0F3RUFBYU1qTUNFd0RnWURWUjBQQVFIL0JBUURBZ0trTUE4R0ExVWRFd0VCCi93UUZNQU1CQWY4d0RRWUpLb1pJaHZjTkFRRUxCUUFEZ2dFQkFEOEluUVV1dVNpZm0yYm8zSWhKcXB6cGhlVW0KdktKUVRSaXdQZ3dabUplVHN6WUdWc0xWRk1aZmFsQXBPY1U4dlVYdkZTWThOaW1iQnY4MTlzNnM4WlhXS0VqbwpXeUdOb1B0eW9jSnVaQisrV0pNdlB2SS9jNi9WSGttamZ2ZElrYm8rbDZHKzRSVEZBUmF5WGVJVDFFTWN5SXFwCnhqWkE4WkJ3WU90RGxlTEplQ3gvWnJkeHFUNUg3cW1MWkpRVUxMc0FtckFLR3JwY1UvaS94a0lrQis1ZGhrR1UKOThhVTB5TjhtOFRiRzBJMVoxa3ZJNGQ1aTlkSEhicDhnVzhRbnI1Wk1zY2luTFdqbjF3WmRKUzBwcUsxM3BLbwoxK2kyTGkxMWRGZHVSaTVDTS95Sy8zQjJsZHFVaVNQMGFDM0RXRHg3ODkwZ3BTNWN4RERMK3llRzZPVT0KLS0tLS1FTkQgQ0VSVElGSUNBVEUtLS0tLQo="
              }
            ],
            "created_at": "2021-03-03 06:24:43.841 +0000 UTC",
            "enabled_cluster_log_types": [],
            "encryption_config": [],
            "endpoint": "https://02C31264536AB34CEBC78C1E3D2489CB.gr7.us-east-2.eks.amazonaws.com",
            "id": "eks_cluster_test-0",
            "identity": [
              {
                "oidc": [
                  {
                    "issuer": "https://oidc.eks.us-east-2.amazonaws.com/id/02C31264536AB34CEBC78C1E3D2489CB"
                  }
                ]
              }
            ],
            "kubernetes_network_config": [
              {
                "service_ipv4_cidr": "10.100.0.0/16"
              }
            ],
            "name": "eks_cluster_test-0",
            "platform_version": "eks.3",
            "role_arn": "arn:aws:iam::784283649222:role/eks-cluster",
            "status": "ACTIVE",
            "tags": {
              "Name": "Cluster 0"
            },
            "timeouts": null,
            "version": "1.18",
            "vpc_config": [
              {
                "cluster_security_group_id": "sg-0bf09ce0a73479b28",
                "endpoint_private_access": false,
                "endpoint_public_access": true,
                "public_access_cidrs": [
                  "0.0.0.0/0"
                ],
                "security_group_ids": [],
                "subnet_ids": [
                  "subnet-28721652",
                  "subnet-59456b31",
                  "subnet-bc68a4f0"
                ],
                "vpc_id": "vpc-d54640bd"
              }
            ]
          },
          "sensitive_attributes": [],
          "private": "eyJlMmJmYjczMC1lY2FhLTExZTYtOGY4OC0zNDM2M2JjN2M0YzAiOnsiY3JlYXRlIjoxODAwMDAwMDAwMDAwLCJkZWxldGUiOjkwMDAwMDAwMDAwMCwidXBkYXRlIjozNjAwMDAwMDAwMDAwfX0=",
          "dependencies": [
            "aws_iam_role.eks_cluster"
          ]
        },
        {
          "index_key": 1,
          "schema_version": 0,
          "attributes": {
            "arn": "arn:aws:eks:us-east-2:784283649222:cluster/eks_cluster_test-1",
            "certificate_authority": [
              {
                "data": "LS0tLS1CRUdJTiBDRVJUSUZJQ0FURS0tLS0tCk1JSUN5RENDQWJDZ0F3SUJBZ0lCQURBTkJna3Foa2lHOXcwQkFRc0ZBREFWTVJNd0VRWURWUVFERXdwcmRXSmwKY201bGRHVnpNQjRYRFRJeE1ETXdNekEyTXpNeE4xb1hEVE14TURNd01UQTJNek14TjFvd0ZURVRNQkVHQTFVRQpBeE1LYTNWaVpYSnVaWFJsY3pDQ0FTSXdEUVlKS29aSWh2Y05BUUVCQlFBRGdnRVBBRENDQVFvQ2dnRUJBTDVrCjV0cVRzOFVZbWJQTlorUWlpd0tFczYxZ1ZORXVEV2R0em40eW9vMTk4czhxNWlOQUtoS3RHdGtXRUdHaGRSWTUKVDRNZUZkTkV0Lys5WXlrRnBGcUFkcnpveDhYdkZRTGJNcnJJOHBaZDhpbUJTZDZyMmdTemNGNmR2MmFTRFJPWAowaHRmK3ZKc3l6S1RQMlFlQ1Jvd3RHdVE4eXByRmdnOVpBakhtclNJYWJVTEl5MlVzREx1SjE0UjdmdEk1U3RTCi9QNlNXd3JGZlg1Mml0NGl5TDQrM0ZBaGN0WExBZTFmamZRa1hnL3BRVGF5ZHQzb2xVWjBuRGZqdWlFWkVMWlIKMzVuTGw3S3JSMnRIVmNGOGwzR3pXa2dtTFo1eGg2Mm4zeWJudEs2V2FlTElBellOT2RJTVlOV29ESFJQdWx3UgpjM1lXNVRiYlZYd0czTWxFRVJrQ0F3RUFBYU1qTUNFd0RnWURWUjBQQVFIL0JBUURBZ0trTUE4R0ExVWRFd0VCCi93UUZNQU1CQWY4d0RRWUpLb1pJaHZjTkFRRUxCUUFEZ2dFQkFLRjU1UVNHWTUrbm9jUnpSU1ZRNUgrRmsxVUEKaTRoSXJPREJwcEdSSWc5ZXRvckxhaWZRaHY5QnlUZVluU3RFQWF1MENPN2ZXN004MWRDNzAwNTFzS01scmlyMAp6TUR2Zk11TkZUWTltaFdCU3FJejU1UUx5OFlGdm4veVZyZHh1VFJ0UnFYYjhXdHhGUHhnbUFtSTFqbW1UZkF0CnpOaXZ4MVFHWlNoWFBhY1dwTzJCSitsTGlXenRuWGNJZGFFY04yNVQ1L2xHdWphYWh2NHI1L3M0bXFQdkJNQmsKeEpiRDhZOHozUUh3NDdqMEQ4WHl4Y0M0NTFQZWJ0MW9wbEc2SDFuYUt0Yk1kT3NlUk1EbDZVWnppOG5mUS85Ngo1am1McVVMalBvVzMyN3JhcDdwWGdWR0hjL3BXdzdVK2F4VVVINkVMeWVvRzNST3pGc3JzaEQzMjUwMD0KLS0tLS1FTkQgQ0VSVElGSUNBVEUtLS0tLQo="
              }
            ],
            "created_at": "2021-03-03 06:25:22.273 +0000 UTC",
            "enabled_cluster_log_types": [],
            "encryption_config": [],
            "endpoint": "https://F00855835CAF8E528C3140659E8446E6.sk1.us-east-2.eks.amazonaws.com",
            "id": "eks_cluster_test-1",
            "identity": [
              {
                "oidc": [
                  {
                    "issuer": "https://oidc.eks.us-east-2.amazonaws.com/id/F00855835CAF8E528C3140659E8446E6"
                  }
                ]
              }
            ],
            "kubernetes_network_config": [
              {
                "service_ipv4_cidr": "10.100.0.0/16"
              }
            ],
            "name": "eks_cluster_test-1",
            "platform_version": "eks.3",
            "role_arn": "arn:aws:iam::784283649222:role/eks-cluster",
            "status": "ACTIVE",
            "tags": {
              "Name": "Cluster 1"
            },
            "timeouts": null,
            "version": "1.18",
            "vpc_config": [
              {
                "cluster_security_group_id": "sg-03e6510fe67bcddd3",
                "endpoint_private_access": false,
                "endpoint_public_access": true,
                "public_access_cidrs": [
                  "0.0.0.0/0"
                ],
                "security_group_ids": [],
                "subnet_ids": [
                  "subnet-28721652",
                  "subnet-59456b31",
                  "subnet-bc68a4f0"
                ],
                "vpc_id": "vpc-d54640bd"
              }
            ]
          },
          "sensitive_attributes": [],
          "private": "eyJlMmJmYjczMC1lY2FhLTExZTYtOGY4OC0zNDM2M2JjN2M0YzAiOnsiY3JlYXRlIjoxODAwMDAwMDAwMDAwLCJkZWxldGUiOjkwMDAwMDAwMDAwMCwidXBkYXRlIjozNjAwMDAwMDAwMDAwfX0=",
          "dependencies": [
            "aws_iam_role.eks_cluster"
          ]
        },
        {
          "index_key": 2,
          "schema_version": 0,
          "attributes": {
            "arn": "arn:aws:eks:us-east-2:784283649222:cluster/eks_cluster_test-2",
            "certificate_authority": [
              {
                "data": "LS0tLS1CRUdJTiBDRVJUSUZJQ0FURS0tLS0tCk1JSUN5RENDQWJDZ0F3SUJBZ0lCQURBTkJna3Foa2lHOXcwQkFRc0ZBREFWTVJNd0VRWURWUVFERXdwcmRXSmwKY201bGRHVnpNQjRYRFRJeE1ETXdNekEzTXpnME5Wb1hEVE14TURNd01UQTNNemcwTlZvd0ZURVRNQkVHQTFVRQpBeE1LYTNWaVpYSnVaWFJsY3pDQ0FTSXdEUVlKS29aSWh2Y05BUUVCQlFBRGdnRVBBRENDQVFvQ2dnRUJBT3hBCks1RGVkOStBbVdyYWNPZTRZdXM1S0R4L2FHWkNpeWU3VGExYlZVVlNnOTFwMm1WQ3NUYXpleWVwTmYzS0xnY2UKYmp2TlFNbjBwejJRMTBqcjVtOEExTzVoZ05zOWM3NlJOdXlMQUJ6OE1lbEZVN003cEgwMnZWbmwvN3V6ZnBocgpTcWJZTlVDTURrQkFiUlNrZXYxemNCVngzUE1QTWVwSEpaYmdtZitrK0pJelZubUh1MGlmaG1UbTQvY00xRldjCjFSRDlMWmtkT1IrdlZxbnlEd3ZmMVBuM09XaE1kaWRXOHFYNWdxN0M5bitJV1pCaHhkN0twakg4ZktzdytuNTEKbmVpTkZWcFZ3ME5BMGlxeXFIekhLSmJtQmY2VU4rQ3Z1V0tNdmN0eWl4bHNSTTVJbjdMNzN4dkRzTWdVcUMrUgpleDBUOWQ5SkRPL0ljN0M3T2pNQ0F3RUFBYU1qTUNFd0RnWURWUjBQQVFIL0JBUURBZ0trTUE4R0ExVWRFd0VCCi93UUZNQU1CQWY4d0RRWUpLb1pJaHZjTkFRRUxCUUFEZ2dFQkFGTzkxRkJvSGlmYkdQV2pxbXNHQXlkVjJ0RmYKQ0piR1cwOVlHNGY5elRwR0F2SURnVjJXOXBjV3NjVWtUcks3YlNzM1V1TDdxbXlKRk10eTZEUXlLTmh2NzlmcgpRYzVaZmpPNUJyOWI0RmdwZEg2S01ENnl0aWRnMkVGalg5L1ZBaVNubGpHOFJrS3RWNXB3NER4di9BcXRDRTJ0CkRIc3RiK256WUlEMEczYnZxSFJEZHlaWWNIYlNHQzdGUWg0NEIvajVzQzVFc3E2ZXNUMGpDZmQ2bmhMT1dRY0oKc2pPdEhPWW9ZOWNjb0dOQlZGd1lsVm94cm40ZFBrUmNoUHhPdWVTa05MSC9Jb1ZFRU1aVHBSTzVPbGRQY1MrUgo0N1phTFZoRkY2TVNvc3BjVmxhQVg4Sld4TUtVZG1BRSs4VEZrcmNrSXRETkZCYlEvY2dLL281OFZFaz0KLS0tLS1FTkQgQ0VSVElGSUNBVEUtLS0tLQo="
              }
            ],
            "created_at": "2021-03-03 07:31:30.917 +0000 UTC",
            "enabled_cluster_log_types": [],
            "encryption_config": [],
            "endpoint": "https://6B6B9BA730B4DBB46026B3093E41AA5A.yl4.us-east-2.eks.amazonaws.com",
            "id": "eks_cluster_test-2",
            "identity": [
              {
                "oidc": [
                  {
                    "issuer": "https://oidc.eks.us-east-2.amazonaws.com/id/6B6B9BA730B4DBB46026B3093E41AA5A"
                  }
                ]
              }
            ],
            "kubernetes_network_config": [
              {
                "service_ipv4_cidr": "10.100.0.0/16"
              }
            ],
            "name": "eks_cluster_test-2",
            "platform_version": "eks.3",
            "role_arn": "arn:aws:iam::784283649222:role/eks-cluster",
            "status": "ACTIVE",
            "tags": {
              "Name": "Cluster 2"
            },
            "timeouts": null,
            "version": "1.18",
            "vpc_config": [
              {
                "cluster_security_group_id": "sg-0314de8bd18febb6a",
                "endpoint_private_access": false,
                "endpoint_public_access": true,
                "public_access_cidrs": [
                  "0.0.0.0/0"
                ],
                "security_group_ids": [],
                "subnet_ids": [
                  "subnet-28721652",
                  "subnet-59456b31",
                  "subnet-bc68a4f0"
                ],
                "vpc_id": "vpc-d54640bd"
              }
            ]
          },
          "sensitive_attributes": [],
          "private": "eyJlMmJmYjczMC1lY2FhLTExZTYtOGY4OC0zNDM2M2JjN2M0YzAiOnsiY3JlYXRlIjoxODAwMDAwMDAwMDAwLCJkZWxldGUiOjkwMDAwMDAwMDAwMCwidXBkYXRlIjozNjAwMDAwMDAwMDAwfX0=",
          "dependencies": [
            "aws_iam_role.eks_cluster"
          ]
        },
        {
          "index_key": 3,
          "schema_version": 0,
          "attributes": {
            "arn": "arn:aws:eks:us-east-2:784283649222:cluster/eks_cluster_test-3",
            "certificate_authority": [
              {
                "data": "LS0tLS1CRUdJTiBDRVJUSUZJQ0FURS0tLS0tCk1JSUN5RENDQWJDZ0F3SUJBZ0lCQURBTkJna3Foa2lHOXcwQkFRc0ZBREFWTVJNd0VRWURWUVFERXdwcmRXSmwKY201bGRHVnpNQjRYRFRJeE1ETXdNekEzTXprek9Wb1hEVE14TURNd01UQTNNemt6T1Zvd0ZURVRNQkVHQTFVRQpBeE1LYTNWaVpYSnVaWFJsY3pDQ0FTSXdEUVlKS29aSWh2Y05BUUVCQlFBRGdnRVBBRENDQVFvQ2dnRUJBSmJzCmh5NnU0ck5jUlV2RkQ0eFI3L1hSekh5bUdvckszYnFwb1creUtVYWU5N3I4YkxrTzBOd2k1ancvYTNkYm8yOHEKaXdCbnQrOWx6RkNlQ3hzMUdlaHhWeDZ6SHdlaDY3OTdoUHg2endFMkhidWVUdGJWOFRWM243M1F6MkNIb1ZIVgpVN0t0aWViUlR3MStTbnpNRG1xY2ZOaWxlcGFLcm9Wc3JPREE0RXJJQUlybmZMYlJLckMxSzJmemgrTk8xMUxtCnFnT0xLcWVEWHhIbmxSYkxMYmJjSXJlcStObGRoT3VQS1FyczdNTjhkMTl4OFkwNnQ1L2hwaStsTVVTRzRUbDAKcUxjUlZqYnZkQ1NaMWFoWUlvRTZUZEMra2dId3dMQzFVMk4vbThHTXQ1SkdjUmxrSWNGWjhjdS9PRFNmbTh3bQpKaUFLanRJTWxqcHZ5ZzRFNFNjQ0F3RUFBYU1qTUNFd0RnWURWUjBQQVFIL0JBUURBZ0trTUE4R0ExVWRFd0VCCi93UUZNQU1CQWY4d0RRWUpLb1pJaHZjTkFRRUxCUUFEZ2dFQkFKQm9IN1dhelczTDg0SWIyd2dIeUxzMy9IZHkKbmRWM3BvRktPVitONzdGOFcvYzE1K1hEeHRhazZHUEdEc0tJNDh0Wm5aWEd4dnJLRzVKNEJvaHhhZlRINVhMZwpOcXpCSlFpMHF3YUZaRFFHUlgveDVZRjNldE1FbWpldlN0WVBaTUV0R3BNcjhpb3drZ29oUTEwazhjMXVPT2xICkJ0VXNNemdZRGlWMHRPcWY0WlVaK2FOMzFWbmdEQktuR3E3RGNMRnpmdndxak5wdWw1ZDRLbmxhak9meWhkcHkKVndxM1NFeHRlUWt6ZEhEWFh6eWFrT05odVhlL2VBeDNDOFRxSk1qWnEvMWxvSlZ4U2FHdWtqZ0l5bVVyNmI0VwpzelVwbE1XVzdnMk50VzhJdHlOeUtjcWpSNlB2c21MOVJvMXdnbFNRdm1mUTRCYnY5anJZMDJGZU9zZz0KLS0tLS1FTkQgQ0VSVElGSUNBVEUtLS0tLQo="
              }
            ],
            "created_at": "2021-03-03 07:31:31.071 +0000 UTC",
            "enabled_cluster_log_types": [],
            "encryption_config": [],
            "endpoint": "https://9B143D3BCC7519EA36EB8B8DD365E10B.gr7.us-east-2.eks.amazonaws.com",
            "id": "eks_cluster_test-3",
            "identity": [
              {
                "oidc": [
                  {
                    "issuer": "https://oidc.eks.us-east-2.amazonaws.com/id/9B143D3BCC7519EA36EB8B8DD365E10B"
                  }
                ]
              }
            ],
            "kubernetes_network_config": [
              {
                "service_ipv4_cidr": "10.100.0.0/16"
              }
            ],
            "name": "eks_cluster_test-3",
            "platform_version": "eks.3",
            "role_arn": "arn:aws:iam::784283649222:role/eks-cluster",
            "status": "ACTIVE",
            "tags": {
              "Name": "Cluster 3"
            },
            "timeouts": null,
            "version": "1.18",
            "vpc_config": [
              {
                "cluster_security_group_id": "sg-0bd1ecff25ff9e279",
                "endpoint_private_access": false,
                "endpoint_public_access": true,
                "public_access_cidrs": [
                  "0.0.0.0/0"
                ],
                "security_group_ids": [],
                "subnet_ids": [
                  "subnet-28721652",
                  "subnet-59456b31",
                  "subnet-bc68a4f0"
                ],
                "vpc_id": "vpc-d54640bd"
              }
            ]
          },
          "sensitive_attributes": [],
          "private": "eyJlMmJmYjczMC1lY2FhLTExZTYtOGY4OC0zNDM2M2JjN2M0YzAiOnsiY3JlYXRlIjoxODAwMDAwMDAwMDAwLCJkZWxldGUiOjkwMDAwMDAwMDAwMCwidXBkYXRlIjozNjAwMDAwMDAwMDAwfX0=",
          "dependencies": [
            "aws_iam_role.eks_cluster"
          ]
        },
        {
          "index_key": 4,
          "schema_version": 0,
          "attributes": {
            "arn": "arn:aws:eks:us-east-2:784283649222:cluster/eks_cluster_test-4",
            "certificate_authority": [
              {
                "data": "LS0tLS1CRUdJTiBDRVJUSUZJQ0FURS0tLS0tCk1JSUN5RENDQWJDZ0F3SUJBZ0lCQURBTkJna3Foa2lHOXcwQkFRc0ZBREFWTVJNd0VRWURWUVFERXdwcmRXSmwKY201bGRHVnpNQjRYRFRJeE1ETXdNekEzTXpnek9Gb1hEVE14TURNd01UQTNNemd6T0Zvd0ZURVRNQkVHQTFVRQpBeE1LYTNWaVpYSnVaWFJsY3pDQ0FTSXdEUVlKS29aSWh2Y05BUUVCQlFBRGdnRVBBRENDQVFvQ2dnRUJBTHQwCjFKYVg3N1JBV25JaDFhcTYxTHFRUEZvSEZOZzhIb0xtUzFGc1JobkZKOGtaNDcyWFYzdTlSVVpoTU5TemR6RHEKUTJsVFZZL0JjMGlQMGE2dzBpOUxmMjRKV1NwOUxzMm1PcjNObkp4cDNqbTRlN2JSSkxkY3NSbEtmWTlqVGt2Qgp3VENadVhGb3BWaGZhdzI4WGhIMWJ2OXlacjdGTGdYcmFTZFN5U3RBRDNhN2ZWY3JFVHZkbDloV0dSZk0ySFhFCitwUWJzYUtLUUFNd08rNWVnZHEvRHdQZnROWUxMeUJueFJObitwUnFobXNkWW9nZGFhNGRYeGNJMjZNdmdpZTAKTkM4d2pHem5UTlFjVzU0a0U5R0VlNTBOYURwaGk0Z2ZLeThxWDNGMmtoellrZFMrVldNeXhDQUNsZmJZb1J6VApiSXRsQVYrT0tFbkRwQ1pOcGxFQ0F3RUFBYU1qTUNFd0RnWURWUjBQQVFIL0JBUURBZ0trTUE4R0ExVWRFd0VCCi93UUZNQU1CQWY4d0RRWUpLb1pJaHZjTkFRRUxCUUFEZ2dFQkFEWElvNzc1VmJWTk9GZHBLRkVwLzBVNFpaQ3kKaFNBSzEwamhtNmplRlFFbmxrbHN2NG1UUWJuaWlSVGNIdUttQ283eEc4NTJCelBpaXk1blcwRlJ0KzN3M2o1VwovVXc2ajNlaGsxTWNjRnROL2xsOC9rQlFsaEtrN1F5cUJiTXU2ZzRldWY5b2UyaXltVDF3a1VBSGVUcUtURXRnCmNCVW9oS1c0WkdQY0VqS3d6VjAvbDBNdWlxTTdzdldId2ZEcitjRUc5TUpZNktDMmIyWVBVV0I4RVhVc3VoM28KUmtkeUlvQWpna0pBL2xBRGxJK0NIOEFuN2laYVk0UzFEa0FZVWJhT3p0NW5GYzAvREY5MGFhd2lSaXhjK0V3YwpoYXJDNUdaQ2Vod0YrS01pbHQ0YXVGUGdqVDJOVnJCVTBtVzd0NzRVRDNRTFgrNVFYODdUU0RVQTd4UT0KLS0tLS1FTkQgQ0VSVElGSUNBVEUtLS0tLQo="
              }
            ],
            "created_at": "2021-03-03 07:31:30.916 +0000 UTC",
            "enabled_cluster_log_types": [],
            "encryption_config": [],
            "endpoint": "https://4D333CFB2E72AB047B9B954C9BB90917.gr7.us-east-2.eks.amazonaws.com",
            "id": "eks_cluster_test-4",
            "identity": [
              {
                "oidc": [
                  {
                    "issuer": "https://oidc.eks.us-east-2.amazonaws.com/id/4D333CFB2E72AB047B9B954C9BB90917"
                  }
                ]
              }
            ],
            "kubernetes_network_config": [
              {
                "service_ipv4_cidr": "10.100.0.0/16"
              }
            ],
            "name": "eks_cluster_test-4",
            "platform_version": "eks.3",
            "role_arn": "arn:aws:iam::784283649222:role/eks-cluster",
            "status": "ACTIVE",
            "tags": {
              "Name": "Cluster 4"
            },
            "timeouts": null,
            "version": "1.18",
            "vpc_config": [
              {
                "cluster_security_group_id": "sg-0c7b9b58fb609815f",
                "endpoint_private_access": false,
                "endpoint_public_access": true,
                "public_access_cidrs": [
                  "0.0.0.0/0"
                ],
                "security_group_ids": [],
                "subnet_ids": [
                  "subnet-28721652",
                  "subnet-59456b31",
                  "subnet-bc68a4f0"
                ],
                "vpc_id": "vpc-d54640bd"
              }
            ]
          },
          "sensitive_attributes": [],
          "private": "eyJlMmJmYjczMC1lY2FhLTExZTYtOGY4OC0zNDM2M2JjN2M0YzAiOnsiY3JlYXRlIjoxODAwMDAwMDAwMDAwLCJkZWxldGUiOjkwMDAwMDAwMDAwMCwidXBkYXRlIjozNjAwMDAwMDAwMDAwfX0=",
          "dependencies": [
            "aws_iam_role.eks_cluster"
          ]
        }
      ]
    },
    {
      "mode": "managed",
      "type": "aws_eks_node_group",
      "name": "node",
      "provider": "provider[\"registry.terraform.io/hashicorp/aws\"]",
      "instances": [
        {
          "index_key": 0,
          "schema_version": 0,
          "attributes": {
            "ami_type": "AL2_x86_64",
            "arn": "arn:aws:eks:us-east-2:784283649222:nodegroup/eks_cluster_test-0/node_group-0/fcbbfb89-4650-745a-f439-5dd604755c15",
            "capacity_type": "ON_DEMAND",
            "cluster_name": "eks_cluster_test-0",
            "disk_size": 20,
            "force_update_version": null,
            "id": "eks_cluster_test-0:node_group-0",
            "instance_types": [
              "t3.medium"
            ],
            "labels": null,
            "launch_template": [],
            "node_group_name": "node_group-0",
            "node_role_arn": "arn:aws:iam::784283649222:role/eks-node-group-test",
            "release_version": "1.18.9-20210208",
            "remote_access": [],
            "resources": [
              {
                "autoscaling_groups": [
                  {
                    "name": "eks-fcbbfb89-4650-745a-f439-5dd604755c15"
                  }
                ],
                "remote_access_security_group_id": ""
              }
            ],
            "scaling_config": [
              {
                "desired_size": 3,
                "max_size": 3,
                "min_size": 1
              }
            ],
            "status": "ACTIVE",
            "subnet_ids": [
              "subnet-28721652",
              "subnet-59456b31",
              "subnet-bc68a4f0"
            ],
            "tags": null,
            "timeouts": null,
            "version": "1.18"
          },
          "sensitive_attributes": [],
          "private": "eyJlMmJmYjczMC1lY2FhLTExZTYtOGY4OC0zNDM2M2JjN2M0YzAiOnsiY3JlYXRlIjozNjAwMDAwMDAwMDAwLCJkZWxldGUiOjM2MDAwMDAwMDAwMDAsInVwZGF0ZSI6MzYwMDAwMDAwMDAwMH19",
          "dependencies": [
            "aws_eks_cluster.aws_eks",
            "aws_iam_role.eks_nodes",
            "aws_iam_role_policy_attachment.AmazonEC2ContainerRegistryReadOnly",
            "aws_iam_role_policy_attachment.AmazonEKSWorkerNodePolicy",
            "aws_iam_role_policy_attachment.AmazonEKS_CNI_Policy"
          ]
        },
        {
          "index_key": 1,
          "schema_version": 0,
          "attributes": {
            "ami_type": "AL2_x86_64",
            "arn": "arn:aws:eks:us-east-2:784283649222:nodegroup/eks_cluster_test-1/node_group-1/b0bbfb89-4504-96e8-fbbf-03dfdb5092c5",
            "capacity_type": "ON_DEMAND",
            "cluster_name": "eks_cluster_test-1",
            "disk_size": 20,
            "force_update_version": null,
            "id": "eks_cluster_test-1:node_group-1",
            "instance_types": [
              "t3.medium"
            ],
            "labels": null,
            "launch_template": [],
            "node_group_name": "node_group-1",
            "node_role_arn": "arn:aws:iam::784283649222:role/eks-node-group-test",
            "release_version": "1.18.9-20210208",
            "remote_access": [],
            "resources": [
              {
                "autoscaling_groups": [
                  {
                    "name": "eks-b0bbfb89-4504-96e8-fbbf-03dfdb5092c5"
                  }
                ],
                "remote_access_security_group_id": ""
              }
            ],
            "scaling_config": [
              {
                "desired_size": 3,
                "max_size": 3,
                "min_size": 1
              }
            ],
            "status": "ACTIVE",
            "subnet_ids": [
              "subnet-28721652",
              "subnet-59456b31",
              "subnet-bc68a4f0"
            ],
            "tags": null,
            "timeouts": null,
            "version": "1.18"
          },
          "sensitive_attributes": [],
          "private": "eyJlMmJmYjczMC1lY2FhLTExZTYtOGY4OC0zNDM2M2JjN2M0YzAiOnsiY3JlYXRlIjozNjAwMDAwMDAwMDAwLCJkZWxldGUiOjM2MDAwMDAwMDAwMDAsInVwZGF0ZSI6MzYwMDAwMDAwMDAwMH19",
          "dependencies": [
            "aws_eks_cluster.aws_eks",
            "aws_iam_role.eks_nodes",
            "aws_iam_role_policy_attachment.AmazonEC2ContainerRegistryReadOnly",
            "aws_iam_role_policy_attachment.AmazonEKSWorkerNodePolicy",
            "aws_iam_role_policy_attachment.AmazonEKS_CNI_Policy"
          ]
        },
        {
          "index_key": 2,
          "schema_version": 0,
          "attributes": {
            "ami_type": "AL2_x86_64",
            "arn": "arn:aws:eks:us-east-2:784283649222:nodegroup/eks_cluster_test-2/node_group-2/e0bbfb89-dff8-543e-9566-4385582d181d",
            "capacity_type": "ON_DEMAND",
            "cluster_name": "eks_cluster_test-2",
            "disk_size": 20,
            "force_update_version": null,
            "id": "eks_cluster_test-2:node_group-2",
            "instance_types": [
              "t3.medium"
            ],
            "labels": null,
            "launch_template": [],
            "node_group_name": "node_group-2",
            "node_role_arn": "arn:aws:iam::784283649222:role/eks-node-group-test",
            "release_version": "1.18.9-20210208",
            "remote_access": [],
            "resources": [
              {
                "autoscaling_groups": [
                  {
                    "name": "eks-e0bbfb89-dff8-543e-9566-4385582d181d"
                  }
                ],
                "remote_access_security_group_id": ""
              }
            ],
            "scaling_config": [
              {
                "desired_size": 3,
                "max_size": 3,
                "min_size": 1
              }
            ],
            "status": "ACTIVE",
            "subnet_ids": [
              "subnet-28721652",
              "subnet-59456b31",
              "subnet-bc68a4f0"
            ],
            "tags": null,
            "timeouts": null,
            "version": "1.18"
          },
          "sensitive_attributes": [],
          "private": "eyJlMmJmYjczMC1lY2FhLTExZTYtOGY4OC0zNDM2M2JjN2M0YzAiOnsiY3JlYXRlIjozNjAwMDAwMDAwMDAwLCJkZWxldGUiOjM2MDAwMDAwMDAwMDAsInVwZGF0ZSI6MzYwMDAwMDAwMDAwMH19",
          "dependencies": [
            "aws_eks_cluster.aws_eks",
            "aws_iam_role.eks_nodes",
            "aws_iam_role_policy_attachment.AmazonEC2ContainerRegistryReadOnly",
            "aws_iam_role_policy_attachment.AmazonEKSWorkerNodePolicy",
            "aws_iam_role_policy_attachment.AmazonEKS_CNI_Policy"
          ]
        },
        {
          "index_key": 3,
          "schema_version": 0,
          "attributes": {
            "ami_type": "AL2_x86_64",
            "arn": "arn:aws:eks:us-east-2:784283649222:nodegroup/eks_cluster_test-3/node_group-3/febbfb89-5ac6-85a7-2c03-977887916689",
            "capacity_type": "ON_DEMAND",
            "cluster_name": "eks_cluster_test-3",
            "disk_size": 20,
            "force_update_version": null,
            "id": "eks_cluster_test-3:node_group-3",
            "instance_types": [
              "t3.medium"
            ],
            "labels": null,
            "launch_template": [],
            "node_group_name": "node_group-3",
            "node_role_arn": "arn:aws:iam::784283649222:role/eks-node-group-test",
            "release_version": "1.18.9-20210208",
            "remote_access": [],
            "resources": [
              {
                "autoscaling_groups": [
                  {
                    "name": "eks-febbfb89-5ac6-85a7-2c03-977887916689"
                  }
                ],
                "remote_access_security_group_id": ""
              }
            ],
            "scaling_config": [
              {
                "desired_size": 3,
                "max_size": 3,
                "min_size": 1
              }
            ],
            "status": "ACTIVE",
            "subnet_ids": [
              "subnet-28721652",
              "subnet-59456b31",
              "subnet-bc68a4f0"
            ],
            "tags": null,
            "timeouts": null,
            "version": "1.18"
          },
          "sensitive_attributes": [],
          "private": "eyJlMmJmYjczMC1lY2FhLTExZTYtOGY4OC0zNDM2M2JjN2M0YzAiOnsiY3JlYXRlIjozNjAwMDAwMDAwMDAwLCJkZWxldGUiOjM2MDAwMDAwMDAwMDAsInVwZGF0ZSI6MzYwMDAwMDAwMDAwMH19",
          "dependencies": [
            "aws_eks_cluster.aws_eks",
            "aws_iam_role.eks_nodes",
            "aws_iam_role_policy_attachment.AmazonEC2ContainerRegistryReadOnly",
            "aws_iam_role_policy_attachment.AmazonEKSWorkerNodePolicy",
            "aws_iam_role_policy_attachment.AmazonEKS_CNI_Policy"
          ]
        },
        {
          "index_key": 4,
          "schema_version": 0,
          "attributes": {
            "ami_type": "AL2_x86_64",
            "arn": "arn:aws:eks:us-east-2:784283649222:nodegroup/eks_cluster_test-4/node_group-4/00bbfb89-5d7f-d070-6b69-b765abaa052e",
            "capacity_type": "ON_DEMAND",
            "cluster_name": "eks_cluster_test-4",
            "disk_size": 20,
            "force_update_version": null,
            "id": "eks_cluster_test-4:node_group-4",
            "instance_types": [
              "t3.medium"
            ],
            "labels": null,
            "launch_template": [],
            "node_group_name": "node_group-4",
            "node_role_arn": "arn:aws:iam::784283649222:role/eks-node-group-test",
            "release_version": "1.18.9-20210208",
            "remote_access": [],
            "resources": [
              {
                "autoscaling_groups": [
                  {
                    "name": "eks-00bbfb89-5d7f-d070-6b69-b765abaa052e"
                  }
                ],
                "remote_access_security_group_id": ""
              }
            ],
            "scaling_config": [
              {
                "desired_size": 3,
                "max_size": 3,
                "min_size": 1
              }
            ],
            "status": "ACTIVE",
            "subnet_ids": [
              "subnet-28721652",
              "subnet-59456b31",
              "subnet-bc68a4f0"
            ],
            "tags": null,
            "timeouts": null,
            "version": "1.18"
          },
          "sensitive_attributes": [],
          "private": "eyJlMmJmYjczMC1lY2FhLTExZTYtOGY4OC0zNDM2M2JjN2M0YzAiOnsiY3JlYXRlIjozNjAwMDAwMDAwMDAwLCJkZWxldGUiOjM2MDAwMDAwMDAwMDAsInVwZGF0ZSI6MzYwMDAwMDAwMDAwMH19",
          "dependencies": [
            "aws_eks_cluster.aws_eks",
            "aws_iam_role.eks_nodes",
            "aws_iam_role_policy_attachment.AmazonEC2ContainerRegistryReadOnly",
            "aws_iam_role_policy_attachment.AmazonEKSWorkerNodePolicy",
            "aws_iam_role_policy_attachment.AmazonEKS_CNI_Policy"
          ]
        }
      ]
    },
    {
      "mode": "managed",
      "type": "aws_iam_role",
      "name": "eks_cluster",
      "provider": "provider[\"registry.terraform.io/hashicorp/aws\"]",
      "instances": [
        {
          "schema_version": 0,
          "attributes": {
            "arn": "arn:aws:iam::784283649222:role/eks-cluster",
            "assume_role_policy": "{\"Version\":\"2012-10-17\",\"Statement\":[{\"Effect\":\"Allow\",\"Principal\":{\"Service\":\"eks.amazonaws.com\"},\"Action\":\"sts:AssumeRole\"}]}",
            "create_date": "2021-03-03T06:08:22Z",
            "description": "",
            "force_detach_policies": false,
            "id": "eks-cluster",
            "inline_policy": [
              {
                "name": "",
                "policy": ""
              }
            ],
            "managed_policy_arns": [
              "arn:aws:iam::aws:policy/AmazonEKSClusterPolicy",
              "arn:aws:iam::aws:policy/AmazonEKSServicePolicy"
            ],
            "max_session_duration": 3600,
            "name": "eks-cluster",
            "name_prefix": null,
            "path": "/",
            "permissions_boundary": null,
            "tags": {},
            "unique_id": "AROA3NGXSYTDEGGWFRI2I"
          },
          "sensitive_attributes": [],
          "private": "bnVsbA=="
        }
      ]
    },
    {
      "mode": "managed",
      "type": "aws_iam_role",
      "name": "eks_nodes",
      "provider": "provider[\"registry.terraform.io/hashicorp/aws\"]",
      "instances": [
        {
          "schema_version": 0,
          "attributes": {
            "arn": "arn:aws:iam::784283649222:role/eks-node-group-test",
            "assume_role_policy": "{\"Version\":\"2012-10-17\",\"Statement\":[{\"Effect\":\"Allow\",\"Principal\":{\"Service\":\"ec2.amazonaws.com\"},\"Action\":\"sts:AssumeRole\"}]}",
            "create_date": "2021-03-03T06:08:22Z",
            "description": "",
            "force_detach_policies": false,
            "id": "eks-node-group-test",
            "inline_policy": [
              {
                "name": "",
                "policy": ""
              }
            ],
            "managed_policy_arns": [
              "arn:aws:iam::aws:policy/AmazonEC2ContainerRegistryReadOnly",
              "arn:aws:iam::aws:policy/AmazonEKSWorkerNodePolicy",
              "arn:aws:iam::aws:policy/AmazonEKS_CNI_Policy"
            ],
            "max_session_duration": 3600,
            "name": "eks-node-group-test",
            "name_prefix": null,
            "path": "/",
            "permissions_boundary": null,
            "tags": {},
            "unique_id": "AROA3NGXSYTDL6OSRHOZ5"
          },
          "sensitive_attributes": [],
          "private": "bnVsbA=="
        }
      ]
    },
    {
      "mode": "managed",
      "type": "aws_iam_role_policy_attachment",
      "name": "AmazonEC2ContainerRegistryReadOnly",
      "provider": "provider[\"registry.terraform.io/hashicorp/aws\"]",
      "instances": [
        {
          "schema_version": 0,
          "attributes": {
            "id": "eks-node-group-test-20210303060829048100000003",
            "policy_arn": "arn:aws:iam::aws:policy/AmazonEC2ContainerRegistryReadOnly",
            "role": "eks-node-group-test"
          },
          "sensitive_attributes": [],
          "private": "bnVsbA==",
          "dependencies": [
            "aws_iam_role.eks_nodes"
          ]
        }
      ]
    },
    {
      "mode": "managed",
      "type": "aws_iam_role_policy_attachment",
      "name": "AmazonEKSClusterPolicy",
      "provider": "provider[\"registry.terraform.io/hashicorp/aws\"]",
      "instances": [
        {
          "schema_version": 0,
          "attributes": {
            "id": "eks-cluster-20210303060829059300000004",
            "policy_arn": "arn:aws:iam::aws:policy/AmazonEKSClusterPolicy",
            "role": "eks-cluster"
          },
          "sensitive_attributes": [],
          "private": "bnVsbA==",
          "dependencies": [
            "aws_iam_role.eks_cluster"
          ]
        }
      ]
    },
    {
      "mode": "managed",
      "type": "aws_iam_role_policy_attachment",
      "name": "AmazonEKSServicePolicy",
      "provider": "provider[\"registry.terraform.io/hashicorp/aws\"]",
      "instances": [
        {
          "schema_version": 0,
          "attributes": {
            "id": "eks-cluster-20210303060829045800000001",
            "policy_arn": "arn:aws:iam::aws:policy/AmazonEKSServicePolicy",
            "role": "eks-cluster"
          },
          "sensitive_attributes": [],
          "private": "bnVsbA==",
          "dependencies": [
            "aws_iam_role.eks_cluster"
          ]
        }
      ]
    },
    {
      "mode": "managed",
      "type": "aws_iam_role_policy_attachment",
      "name": "AmazonEKSWorkerNodePolicy",
      "provider": "provider[\"registry.terraform.io/hashicorp/aws\"]",
      "instances": [
        {
          "schema_version": 0,
          "attributes": {
            "id": "eks-node-group-test-20210303060829059800000005",
            "policy_arn": "arn:aws:iam::aws:policy/AmazonEKSWorkerNodePolicy",
            "role": "eks-node-group-test"
          },
          "sensitive_attributes": [],
          "private": "bnVsbA==",
          "dependencies": [
            "aws_iam_role.eks_nodes"
          ]
        }
      ]
    },
    {
      "mode": "managed",
      "type": "aws_iam_role_policy_attachment",
      "name": "AmazonEKS_CNI_Policy",
      "provider": "provider[\"registry.terraform.io/hashicorp/aws\"]",
      "instances": [
        {
          "schema_version": 0,
          "attributes": {
            "id": "eks-node-group-test-20210303060829047600000002",
            "policy_arn": "arn:aws:iam::aws:policy/AmazonEKS_CNI_Policy",
            "role": "eks-node-group-test"
          },
          "sensitive_attributes": [],
          "private": "bnVsbA==",
          "dependencies": [
            "aws_iam_role.eks_nodes"
          ]
        }
      ]
    }
  ]
}
