{
  "version": 4,
  "terraform_version": "0.14.7",
  "serial": 28,
  "lineage": "98098505-4413-dd5b-7dec-9be75ab14a60",
  "outputs": {
    "eks_cluster_certificat_authority": {
      "value": [
        {
          "data": "LS0tLS1CRUdJTiBDRVJUSUZJQ0FURS0tLS0tCk1JSUN5RENDQWJDZ0F3SUJBZ0lCQURBTkJna3Foa2lHOXcwQkFRc0ZBREFWTVJNd0VRWURWUVFERXdwcmRXSmwKY201bGRHVnpNQjRYRFRJeE1ETXdNekEyTXpJeE9Wb1hEVE14TURNd01UQTJNekl4T1Zvd0ZURVRNQkVHQTFVRQpBeE1LYTNWaVpYSnVaWFJsY3pDQ0FTSXdEUVlKS29aSWh2Y05BUUVCQlFBRGdnRVBBRENDQVFvQ2dnRUJBTFpnCkpwQlN1VHI2dG90ek5FRmZYMEV2cHRnaGgzM3phNFpMdjY1Sm5jZkQwU05FcFlqbXZJYXdoZXlJaXJWWGpibEoKcFhPbCtWbzJRYmhnd0J6dDBSVzlQWUZQSlhWK0IvNnRTNlhEaGZoQ3pKRDlodzJ0ekxMTG1HL0xObTdZbEhMdgozU1BpOHoxZXJac1Q3c0x5aTRHTU1iU0dwQy91SVFnN2pka3JLZGRYQU9GdDNBbFlnZXZxVkVVRDVPOHB1cU1lCk5XeHcya0N5RC80d25KRUJsR3pMT2l2Q0tzVWZncTliR0V4ajBUS2d6OXdzVmdZQVBsTDI4Nk56SWdmcGpJRUsKdG04MWd6MUFwekhnYjluUUtlRkNvWkRUcHI3WTlYT2ttRVlTcEVQRGIwcjRRMUoreHdydXUzeldFaWVnWU9rVwpYUWFqQVlGaForTVJaN2kvUE1rQ0F3RUFBYU1qTUNFd0RnWURWUjBQQVFIL0JBUURBZ0trTUE4R0ExVWRFd0VCCi93UUZNQU1CQWY4d0RRWUpLb1pJaHZjTkFRRUxCUUFEZ2dFQkFEOEluUVV1dVNpZm0yYm8zSWhKcXB6cGhlVW0KdktKUVRSaXdQZ3dabUplVHN6WUdWc0xWRk1aZmFsQXBPY1U4dlVYdkZTWThOaW1iQnY4MTlzNnM4WlhXS0VqbwpXeUdOb1B0eW9jSnVaQisrV0pNdlB2SS9jNi9WSGttamZ2ZElrYm8rbDZHKzRSVEZBUmF5WGVJVDFFTWN5SXFwCnhqWkE4WkJ3WU90RGxlTEplQ3gvWnJkeHFUNUg3cW1MWkpRVUxMc0FtckFLR3JwY1UvaS94a0lrQis1ZGhrR1UKOThhVTB5TjhtOFRiRzBJMVoxa3ZJNGQ1aTlkSEhicDhnVzhRbnI1Wk1zY2luTFdqbjF3WmRKUzBwcUsxM3BLbwoxK2kyTGkxMWRGZHVSaTVDTS95Sy8zQjJsZHFVaVNQMGFDM0RXRHg3ODkwZ3BTNWN4RERMK3llRzZPVT0KLS0tLS1FTkQgQ0VSVElGSUNBVEUtLS0tLQo="
        }
      ],
      "type": [
        "list",
        [
          "object",
          {
            "data": "string"
          }
        ]
      ]
    },
    "eks_cluster_endpoint": {
      "value": "https://02C31264536AB34CEBC78C1E3D2489CB.gr7.us-east-2.eks.amazonaws.com",
      "type": "string"
    }
  },
  "resources": [
    {
      "mode": "managed",
      "type": "aws_eks_cluster",
      "name": "aws_eks",
      "provider": "provider[\"registry.terraform.io/hashicorp/aws\"]",
      "instances": [
        {
          "index_key": 0,
          "schema_version": 0,
          "attributes": {
            "arn": "arn:aws:eks:us-east-2:784283649222:cluster/eks_cluster_test-0",
            "certificate_authority": [
              {
                "data": "LS0tLS1CRUdJTiBDRVJUSUZJQ0FURS0tLS0tCk1JSUN5RENDQWJDZ0F3SUJBZ0lCQURBTkJna3Foa2lHOXcwQkFRc0ZBREFWTVJNd0VRWURWUVFERXdwcmRXSmwKY201bGRHVnpNQjRYRFRJeE1ETXdNekEyTXpJeE9Wb1hEVE14TURNd01UQTJNekl4T1Zvd0ZURVRNQkVHQTFVRQpBeE1LYTNWaVpYSnVaWFJsY3pDQ0FTSXdEUVlKS29aSWh2Y05BUUVCQlFBRGdnRVBBRENDQVFvQ2dnRUJBTFpnCkpwQlN1VHI2dG90ek5FRmZYMEV2cHRnaGgzM3phNFpMdjY1Sm5jZkQwU05FcFlqbXZJYXdoZXlJaXJWWGpibEoKcFhPbCtWbzJRYmhnd0J6dDBSVzlQWUZQSlhWK0IvNnRTNlhEaGZoQ3pKRDlodzJ0ekxMTG1HL0xObTdZbEhMdgozU1BpOHoxZXJac1Q3c0x5aTRHTU1iU0dwQy91SVFnN2pka3JLZGRYQU9GdDNBbFlnZXZxVkVVRDVPOHB1cU1lCk5XeHcya0N5RC80d25KRUJsR3pMT2l2Q0tzVWZncTliR0V4ajBUS2d6OXdzVmdZQVBsTDI4Nk56SWdmcGpJRUsKdG04MWd6MUFwekhnYjluUUtlRkNvWkRUcHI3WTlYT2ttRVlTcEVQRGIwcjRRMUoreHdydXUzeldFaWVnWU9rVwpYUWFqQVlGaForTVJaN2kvUE1rQ0F3RUFBYU1qTUNFd0RnWURWUjBQQVFIL0JBUURBZ0trTUE4R0ExVWRFd0VCCi93UUZNQU1CQWY4d0RRWUpLb1pJaHZjTkFRRUxCUUFEZ2dFQkFEOEluUVV1dVNpZm0yYm8zSWhKcXB6cGhlVW0KdktKUVRSaXdQZ3dabUplVHN6WUdWc0xWRk1aZmFsQXBPY1U4dlVYdkZTWThOaW1iQnY4MTlzNnM4WlhXS0VqbwpXeUdOb1B0eW9jSnVaQisrV0pNdlB2SS9jNi9WSGttamZ2ZElrYm8rbDZHKzRSVEZBUmF5WGVJVDFFTWN5SXFwCnhqWkE4WkJ3WU90RGxlTEplQ3gvWnJkeHFUNUg3cW1MWkpRVUxMc0FtckFLR3JwY1UvaS94a0lrQis1ZGhrR1UKOThhVTB5TjhtOFRiRzBJMVoxa3ZJNGQ1aTlkSEhicDhnVzhRbnI1Wk1zY2luTFdqbjF3WmRKUzBwcUsxM3BLbwoxK2kyTGkxMWRGZHVSaTVDTS95Sy8zQjJsZHFVaVNQMGFDM0RXRHg3ODkwZ3BTNWN4RERMK3llRzZPVT0KLS0tLS1FTkQgQ0VSVElGSUNBVEUtLS0tLQo="
              }
            ],
            "created_at": "2021-03-03 06:24:43.841 +0000 UTC",
            "enabled_cluster_log_types": [],
            "encryption_config": [],
            "endpoint": "https://02C31264536AB34CEBC78C1E3D2489CB.gr7.us-east-2.eks.amazonaws.com",
            "id": "eks_cluster_test-0",
            "identity": [
              {
                "oidc": [
                  {
                    "issuer": "https://oidc.eks.us-east-2.amazonaws.com/id/02C31264536AB34CEBC78C1E3D2489CB"
                  }
                ]
              }
            ],
            "kubernetes_network_config": [
              {
                "service_ipv4_cidr": "10.100.0.0/16"
              }
            ],
            "name": "eks_cluster_test-0",
            "platform_version": "eks.3",
            "role_arn": "arn:aws:iam::784283649222:role/eks-cluster",
            "status": "ACTIVE",
            "tags": {
              "Name": "Cluster 0"
            },
            "timeouts": null,
            "version": "1.18",
            "vpc_config": [
              {
                "cluster_security_group_id": "sg-0bf09ce0a73479b28",
                "endpoint_private_access": false,
                "endpoint_public_access": true,
                "public_access_cidrs": [
                  "0.0.0.0/0"
                ],
                "security_group_ids": [],
                "subnet_ids": [
                  "subnet-28721652",
                  "subnet-59456b31",
                  "subnet-bc68a4f0"
                ],
                "vpc_id": "vpc-d54640bd"
              }
            ]
          },
          "sensitive_attributes": [],
          "private": "eyJlMmJmYjczMC1lY2FhLTExZTYtOGY4OC0zNDM2M2JjN2M0YzAiOnsiY3JlYXRlIjoxODAwMDAwMDAwMDAwLCJkZWxldGUiOjkwMDAwMDAwMDAwMCwidXBkYXRlIjozNjAwMDAwMDAwMDAwfX0=",
          "dependencies": [
            "aws_iam_role.eks_cluster"
          ]
        },
        {
          "index_key": 1,
          "schema_version": 0,
          "attributes": {
            "arn": "arn:aws:eks:us-east-2:784283649222:cluster/eks_cluster_test-1",
            "certificate_authority": [
              {
                "data": "LS0tLS1CRUdJTiBDRVJUSUZJQ0FURS0tLS0tCk1JSUN5RENDQWJDZ0F3SUJBZ0lCQURBTkJna3Foa2lHOXcwQkFRc0ZBREFWTVJNd0VRWURWUVFERXdwcmRXSmwKY201bGRHVnpNQjRYRFRJeE1ETXdNekEyTXpNeE4xb1hEVE14TURNd01UQTJNek14TjFvd0ZURVRNQkVHQTFVRQpBeE1LYTNWaVpYSnVaWFJsY3pDQ0FTSXdEUVlKS29aSWh2Y05BUUVCQlFBRGdnRVBBRENDQVFvQ2dnRUJBTDVrCjV0cVRzOFVZbWJQTlorUWlpd0tFczYxZ1ZORXVEV2R0em40eW9vMTk4czhxNWlOQUtoS3RHdGtXRUdHaGRSWTUKVDRNZUZkTkV0Lys5WXlrRnBGcUFkcnpveDhYdkZRTGJNcnJJOHBaZDhpbUJTZDZyMmdTemNGNmR2MmFTRFJPWAowaHRmK3ZKc3l6S1RQMlFlQ1Jvd3RHdVE4eXByRmdnOVpBakhtclNJYWJVTEl5MlVzREx1SjE0UjdmdEk1U3RTCi9QNlNXd3JGZlg1Mml0NGl5TDQrM0ZBaGN0WExBZTFmamZRa1hnL3BRVGF5ZHQzb2xVWjBuRGZqdWlFWkVMWlIKMzVuTGw3S3JSMnRIVmNGOGwzR3pXa2dtTFo1eGg2Mm4zeWJudEs2V2FlTElBellOT2RJTVlOV29ESFJQdWx3UgpjM1lXNVRiYlZYd0czTWxFRVJrQ0F3RUFBYU1qTUNFd0RnWURWUjBQQVFIL0JBUURBZ0trTUE4R0ExVWRFd0VCCi93UUZNQU1CQWY4d0RRWUpLb1pJaHZjTkFRRUxCUUFEZ2dFQkFLRjU1UVNHWTUrbm9jUnpSU1ZRNUgrRmsxVUEKaTRoSXJPREJwcEdSSWc5ZXRvckxhaWZRaHY5QnlUZVluU3RFQWF1MENPN2ZXN004MWRDNzAwNTFzS01scmlyMAp6TUR2Zk11TkZUWTltaFdCU3FJejU1UUx5OFlGdm4veVZyZHh1VFJ0UnFYYjhXdHhGUHhnbUFtSTFqbW1UZkF0CnpOaXZ4MVFHWlNoWFBhY1dwTzJCSitsTGlXenRuWGNJZGFFY04yNVQ1L2xHdWphYWh2NHI1L3M0bXFQdkJNQmsKeEpiRDhZOHozUUh3NDdqMEQ4WHl4Y0M0NTFQZWJ0MW9wbEc2SDFuYUt0Yk1kT3NlUk1EbDZVWnppOG5mUS85Ngo1am1McVVMalBvVzMyN3JhcDdwWGdWR0hjL3BXdzdVK2F4VVVINkVMeWVvRzNST3pGc3JzaEQzMjUwMD0KLS0tLS1FTkQgQ0VSVElGSUNBVEUtLS0tLQo="
              }
            ],
            "created_at": "2021-03-03 06:25:22.273 +0000 UTC",
            "enabled_cluster_log_types": [],
            "encryption_config": [],
            "endpoint": "https://F00855835CAF8E528C3140659E8446E6.sk1.us-east-2.eks.amazonaws.com",
            "id": "eks_cluster_test-1",
            "identity": [
              {
                "oidc": [
                  {
                    "issuer": "https://oidc.eks.us-east-2.amazonaws.com/id/F00855835CAF8E528C3140659E8446E6"
                  }
                ]
              }
            ],
            "kubernetes_network_config": [
              {
                "service_ipv4_cidr": "10.100.0.0/16"
              }
            ],
            "name": "eks_cluster_test-1",
            "platform_version": "eks.3",
            "role_arn": "arn:aws:iam::784283649222:role/eks-cluster",
            "status": "ACTIVE",
            "tags": {
              "Name": "Cluster 1"
            },
            "timeouts": null,
            "version": "1.18",
            "vpc_config": [
              {
                "cluster_security_group_id": "sg-03e6510fe67bcddd3",
                "endpoint_private_access": false,
                "endpoint_public_access": true,
                "public_access_cidrs": [
                  "0.0.0.0/0"
                ],
                "security_group_ids": [],
                "subnet_ids": [
                  "subnet-28721652",
                  "subnet-59456b31",
                  "subnet-bc68a4f0"
                ],
                "vpc_id": "vpc-d54640bd"
              }
            ]
          },
          "sensitive_attributes": [],
          "private": "eyJlMmJmYjczMC1lY2FhLTExZTYtOGY4OC0zNDM2M2JjN2M0YzAiOnsiY3JlYXRlIjoxODAwMDAwMDAwMDAwLCJkZWxldGUiOjkwMDAwMDAwMDAwMCwidXBkYXRlIjozNjAwMDAwMDAwMDAwfX0=",
          "dependencies": [
            "aws_iam_role.eks_cluster"
          ]
        }
      ]
    },
    {
      "mode": "managed",
      "type": "aws_eks_node_group",
      "name": "node",
      "provider": "provider[\"registry.terraform.io/hashicorp/aws\"]",
      "instances": [
        {
          "index_key": 0,
          "schema_version": 0,
          "attributes": {
            "ami_type": "AL2_x86_64",
            "arn": "arn:aws:eks:us-east-2:784283649222:nodegroup/eks_cluster_test-0/node_test/e0bbfb66-1c2a-84b6-a7d5-726f1e2d6f53",
            "capacity_type": "ON_DEMAND",
            "cluster_name": "eks_cluster_test-0",
            "disk_size": 20,
            "force_update_version": null,
            "id": "eks_cluster_test-0:node_test",
            "instance_types": [
              "t3.medium"
            ],
            "labels": {},
            "launch_template": [],
            "node_group_name": "node_test",
            "node_role_arn": "arn:aws:iam::784283649222:role/eks-node-group-test",
            "release_version": "1.18.9-20210208",
            "remote_access": [],
            "resources": [
              {
                "autoscaling_groups": [
                  {
                    "name": "eks-e0bbfb66-1c2a-84b6-a7d5-726f1e2d6f53"
                  }
                ],
                "remote_access_security_group_id": ""
              }
            ],
            "scaling_config": [
              {
                "desired_size": 3,
                "max_size": 3,
                "min_size": 1
              }
            ],
            "status": "ACTIVE",
            "subnet_ids": [
              "subnet-28721652",
              "subnet-59456b31",
              "subnet-bc68a4f0"
            ],
            "tags": {},
            "timeouts": null,
            "version": "1.18"
          },
          "sensitive_attributes": [],
          "private": "eyJlMmJmYjczMC1lY2FhLTExZTYtOGY4OC0zNDM2M2JjN2M0YzAiOnsiY3JlYXRlIjozNjAwMDAwMDAwMDAwLCJkZWxldGUiOjM2MDAwMDAwMDAwMDAsInVwZGF0ZSI6MzYwMDAwMDAwMDAwMH19",
          "dependencies": [
            "aws_eks_cluster.aws_eks",
            "aws_iam_role.eks_cluster",
            "aws_iam_role.eks_nodes",
            "aws_iam_role_policy_attachment.AmazonEC2ContainerRegistryReadOnly",
            "aws_iam_role_policy_attachment.AmazonEKSWorkerNodePolicy",
            "aws_iam_role_policy_attachment.AmazonEKS_CNI_Policy"
          ]
        },
        {
          "index_key": 1,
          "schema_version": 0,
          "attributes": {
            "ami_type": "AL2_x86_64",
            "arn": "arn:aws:eks:us-east-2:784283649222:nodegroup/eks_cluster_test-1/node_test/80bbfb6b-19b1-9469-d274-c95b70d3ec7e",
            "capacity_type": "ON_DEMAND",
            "cluster_name": "eks_cluster_test-1",
            "disk_size": 20,
            "force_update_version": null,
            "id": "eks_cluster_test-1:node_test",
            "instance_types": [
              "t3.medium"
            ],
            "labels": null,
            "launch_template": [],
            "node_group_name": "node_test",
            "node_role_arn": "arn:aws:iam::784283649222:role/eks-node-group-test",
            "release_version": "1.18.9-20210208",
            "remote_access": [],
            "resources": [
              {
                "autoscaling_groups": [
                  {
                    "name": "eks-80bbfb6b-19b1-9469-d274-c95b70d3ec7e"
                  }
                ],
                "remote_access_security_group_id": ""
              }
            ],
            "scaling_config": [
              {
                "desired_size": 3,
                "max_size": 3,
                "min_size": 1
              }
            ],
            "status": "ACTIVE",
            "subnet_ids": [
              "subnet-28721652",
              "subnet-59456b31",
              "subnet-bc68a4f0"
            ],
            "tags": null,
            "timeouts": null,
            "version": "1.18"
          },
          "sensitive_attributes": [],
          "private": "eyJlMmJmYjczMC1lY2FhLTExZTYtOGY4OC0zNDM2M2JjN2M0YzAiOnsiY3JlYXRlIjozNjAwMDAwMDAwMDAwLCJkZWxldGUiOjM2MDAwMDAwMDAwMDAsInVwZGF0ZSI6MzYwMDAwMDAwMDAwMH19",
          "dependencies": [
            "aws_eks_cluster.aws_eks",
            "aws_iam_role.eks_nodes",
            "aws_iam_role_policy_attachment.AmazonEC2ContainerRegistryReadOnly",
            "aws_iam_role_policy_attachment.AmazonEKSWorkerNodePolicy",
            "aws_iam_role_policy_attachment.AmazonEKS_CNI_Policy"
          ]
        }
      ]
    },
    {
      "mode": "managed",
      "type": "aws_iam_role",
      "name": "eks_cluster",
      "provider": "provider[\"registry.terraform.io/hashicorp/aws\"]",
      "instances": [
        {
          "schema_version": 0,
          "attributes": {
            "arn": "arn:aws:iam::784283649222:role/eks-cluster",
            "assume_role_policy": "{\"Version\":\"2012-10-17\",\"Statement\":[{\"Effect\":\"Allow\",\"Principal\":{\"Service\":\"eks.amazonaws.com\"},\"Action\":\"sts:AssumeRole\"}]}",
            "create_date": "2021-03-03T06:08:22Z",
            "description": "",
            "force_detach_policies": false,
            "id": "eks-cluster",
            "inline_policy": [
              {
                "name": "",
                "policy": ""
              }
            ],
            "managed_policy_arns": [
              "arn:aws:iam::aws:policy/AmazonEKSClusterPolicy",
              "arn:aws:iam::aws:policy/AmazonEKSServicePolicy"
            ],
            "max_session_duration": 3600,
            "name": "eks-cluster",
            "name_prefix": null,
            "path": "/",
            "permissions_boundary": null,
            "tags": {},
            "unique_id": "AROA3NGXSYTDEGGWFRI2I"
          },
          "sensitive_attributes": [],
          "private": "bnVsbA=="
        }
      ]
    },
    {
      "mode": "managed",
      "type": "aws_iam_role",
      "name": "eks_nodes",
      "provider": "provider[\"registry.terraform.io/hashicorp/aws\"]",
      "instances": [
        {
          "schema_version": 0,
          "attributes": {
            "arn": "arn:aws:iam::784283649222:role/eks-node-group-test",
            "assume_role_policy": "{\"Version\":\"2012-10-17\",\"Statement\":[{\"Effect\":\"Allow\",\"Principal\":{\"Service\":\"ec2.amazonaws.com\"},\"Action\":\"sts:AssumeRole\"}]}",
            "create_date": "2021-03-03T06:08:22Z",
            "description": "",
            "force_detach_policies": false,
            "id": "eks-node-group-test",
            "inline_policy": [
              {
                "name": "",
                "policy": ""
              }
            ],
            "managed_policy_arns": [
              "arn:aws:iam::aws:policy/AmazonEC2ContainerRegistryReadOnly",
              "arn:aws:iam::aws:policy/AmazonEKSWorkerNodePolicy",
              "arn:aws:iam::aws:policy/AmazonEKS_CNI_Policy"
            ],
            "max_session_duration": 3600,
            "name": "eks-node-group-test",
            "name_prefix": null,
            "path": "/",
            "permissions_boundary": null,
            "tags": {},
            "unique_id": "AROA3NGXSYTDL6OSRHOZ5"
          },
          "sensitive_attributes": [],
          "private": "bnVsbA=="
        }
      ]
    },
    {
      "mode": "managed",
      "type": "aws_iam_role_policy_attachment",
      "name": "AmazonEC2ContainerRegistryReadOnly",
      "provider": "provider[\"registry.terraform.io/hashicorp/aws\"]",
      "instances": [
        {
          "schema_version": 0,
          "attributes": {
            "id": "eks-node-group-test-20210303060829048100000003",
            "policy_arn": "arn:aws:iam::aws:policy/AmazonEC2ContainerRegistryReadOnly",
            "role": "eks-node-group-test"
          },
          "sensitive_attributes": [],
          "private": "bnVsbA==",
          "dependencies": [
            "aws_iam_role.eks_nodes"
          ]
        }
      ]
    },
    {
      "mode": "managed",
      "type": "aws_iam_role_policy_attachment",
      "name": "AmazonEKSClusterPolicy",
      "provider": "provider[\"registry.terraform.io/hashicorp/aws\"]",
      "instances": [
        {
          "schema_version": 0,
          "attributes": {
            "id": "eks-cluster-20210303060829059300000004",
            "policy_arn": "arn:aws:iam::aws:policy/AmazonEKSClusterPolicy",
            "role": "eks-cluster"
          },
          "sensitive_attributes": [],
          "private": "bnVsbA==",
          "dependencies": [
            "aws_iam_role.eks_cluster"
          ]
        }
      ]
    },
    {
      "mode": "managed",
      "type": "aws_iam_role_policy_attachment",
      "name": "AmazonEKSServicePolicy",
      "provider": "provider[\"registry.terraform.io/hashicorp/aws\"]",
      "instances": [
        {
          "schema_version": 0,
          "attributes": {
            "id": "eks-cluster-20210303060829045800000001",
            "policy_arn": "arn:aws:iam::aws:policy/AmazonEKSServicePolicy",
            "role": "eks-cluster"
          },
          "sensitive_attributes": [],
          "private": "bnVsbA==",
          "dependencies": [
            "aws_iam_role.eks_cluster"
          ]
        }
      ]
    },
    {
      "mode": "managed",
      "type": "aws_iam_role_policy_attachment",
      "name": "AmazonEKSWorkerNodePolicy",
      "provider": "provider[\"registry.terraform.io/hashicorp/aws\"]",
      "instances": [
        {
          "schema_version": 0,
          "attributes": {
            "id": "eks-node-group-test-20210303060829059800000005",
            "policy_arn": "arn:aws:iam::aws:policy/AmazonEKSWorkerNodePolicy",
            "role": "eks-node-group-test"
          },
          "sensitive_attributes": [],
          "private": "bnVsbA==",
          "dependencies": [
            "aws_iam_role.eks_nodes"
          ]
        }
      ]
    },
    {
      "mode": "managed",
      "type": "aws_iam_role_policy_attachment",
      "name": "AmazonEKS_CNI_Policy",
      "provider": "provider[\"registry.terraform.io/hashicorp/aws\"]",
      "instances": [
        {
          "schema_version": 0,
          "attributes": {
            "id": "eks-node-group-test-20210303060829047600000002",
            "policy_arn": "arn:aws:iam::aws:policy/AmazonEKS_CNI_Policy",
            "role": "eks-node-group-test"
          },
          "sensitive_attributes": [],
          "private": "bnVsbA==",
          "dependencies": [
            "aws_iam_role.eks_nodes"
          ]
        }
      ]
    }
  ]
}
