{
  "version": 4,
  "terraform_version": "0.12.29",
  "serial": 10,
  "lineage": "98098505-4413-dd5b-7dec-9be75ab14a60",
  "outputs": {
    "eks_cluster_certificat_authority": {
      "value": [
        {
          "data": "LS0tLS1CRUdJTiBDRVJUSUZJQ0FURS0tLS0tCk1JSUN5RENDQWJDZ0F3SUJBZ0lCQURBTkJna3Foa2lHOXcwQkFRc0ZBREFWTVJNd0VRWURWUVFERXdwcmRXSmwKY201bGRHVnpNQjRYRFRJd01Ea3lNekV5TWpFek4xb1hEVE13TURreU1URXlNakV6TjFvd0ZURVRNQkVHQTFVRQpBeE1LYTNWaVpYSnVaWFJsY3pDQ0FTSXdEUVlKS29aSWh2Y05BUUVCQlFBRGdnRVBBRENDQVFvQ2dnRUJBSm1OCnpxT21KcDlnR2VtczhGWlhldE9WRkVLTGlQbHJmUEgwc2F6V1pZNW1SQjhUenpzNFBlZjlld00wVEkzSG1OVFkKV29HUmNyY081Zk5adTZyZ0l1dmI1MVdHb3pYdFh6QnRxeEttQ3hQM1ZxenQyOGFRb0lxWHZ3QVVEWVdUUjZnagpmVTAwcDhFMkRJMzAzWVpOYUVBWS9UMmRoRnpCd0wxdERxWG01UUhjNnFrRkdCbXNvUUlIQnNRU3lRU0EyZ05qCkFDVGtUVW41Q1RJc0EySndOQXVPcHdEYVorUFVNMmhTWHp2eUYxSGZNVSt0TkJnSnh5bTlCZWE1L2ZHbDVZeVYKOEZMVmlWN1BqQmxWeFpNSmJGdFRhbXVvZVY2L0kwUnBtanY0T0FQcEpBSlRZNU1FRFlmbm9UcllKRjQ3R3E0VwpuRHAyUmUrekRtMUg1eEtlODZFQ0F3RUFBYU1qTUNFd0RnWURWUjBQQVFIL0JBUURBZ0trTUE4R0ExVWRFd0VCCi93UUZNQU1CQWY4d0RRWUpLb1pJaHZjTkFRRUxCUUFEZ2dFQkFJSEZJOVRBYzdGQ2NoK1c3RmswbG12VnBlSEYKbnRKeEJlWmFyY0plYVZDdDlsWVRFemRPZStOUWY1ZGhHM0NwWXgzQU5LTWN4aUJsVlNCU0dsV2I3TEtxcWlCMAoxd24wMjJ5ZE1sdkRnbEpobDFNWFVUSTBnbjZPMHVsNnFWN1NYRTFxY3hSODB2MXhmUS9xY1J6OTl5U0dFdjIvCjhzZ09xeTFTUzkrMnVLMFVLM1N5UVBIRDNZZWRzdkZUVmNvNmpVMUI4MHlHZVY4YVYxMDU4OTVMTmRYV2tkY2gKWi9idjZ6RkRoYzFqOW9DM2RYZGlydkk0OWxjYlBUTUZyYm95S1RIamxGV0trSXEwQnVGeENUbnh6emFLYjRlRwovaEV3cXl0MHg0L3FhRUJXZk9aWGRiMWt5UXh5cTNINFoxWmt3dUxMaTU5am9MVXNsbVE2N1BybGxSWT0KLS0tLS1FTkQgQ0VSVElGSUNBVEUtLS0tLQo="
        }
      ],
      "type": [
        "list",
        [
          "object",
          {
            "data": "string"
          }
        ]
      ]
    },
    "eks_cluster_endpoint": {
      "value": "https://341C5F8EAD697694D544AE62840355C7.sk1.us-east-2.eks.amazonaws.com",
      "type": "string"
    }
  },
  "resources": [
    {
      "mode": "managed",
      "type": "aws_eks_cluster",
      "name": "aws_eks",
      "provider": "provider.aws",
      "instances": [
        {
          "schema_version": 0,
          "attributes": {
            "arn": "arn:aws:eks:us-east-2:784283649222:cluster/eks_cluster_test",
            "certificate_authority": [
              {
                "data": "LS0tLS1CRUdJTiBDRVJUSUZJQ0FURS0tLS0tCk1JSUN5RENDQWJDZ0F3SUJBZ0lCQURBTkJna3Foa2lHOXcwQkFRc0ZBREFWTVJNd0VRWURWUVFERXdwcmRXSmwKY201bGRHVnpNQjRYRFRJd01Ea3lNekV5TWpFek4xb1hEVE13TURreU1URXlNakV6TjFvd0ZURVRNQkVHQTFVRQpBeE1LYTNWaVpYSnVaWFJsY3pDQ0FTSXdEUVlKS29aSWh2Y05BUUVCQlFBRGdnRVBBRENDQVFvQ2dnRUJBSm1OCnpxT21KcDlnR2VtczhGWlhldE9WRkVLTGlQbHJmUEgwc2F6V1pZNW1SQjhUenpzNFBlZjlld00wVEkzSG1OVFkKV29HUmNyY081Zk5adTZyZ0l1dmI1MVdHb3pYdFh6QnRxeEttQ3hQM1ZxenQyOGFRb0lxWHZ3QVVEWVdUUjZnagpmVTAwcDhFMkRJMzAzWVpOYUVBWS9UMmRoRnpCd0wxdERxWG01UUhjNnFrRkdCbXNvUUlIQnNRU3lRU0EyZ05qCkFDVGtUVW41Q1RJc0EySndOQXVPcHdEYVorUFVNMmhTWHp2eUYxSGZNVSt0TkJnSnh5bTlCZWE1L2ZHbDVZeVYKOEZMVmlWN1BqQmxWeFpNSmJGdFRhbXVvZVY2L0kwUnBtanY0T0FQcEpBSlRZNU1FRFlmbm9UcllKRjQ3R3E0VwpuRHAyUmUrekRtMUg1eEtlODZFQ0F3RUFBYU1qTUNFd0RnWURWUjBQQVFIL0JBUURBZ0trTUE4R0ExVWRFd0VCCi93UUZNQU1CQWY4d0RRWUpLb1pJaHZjTkFRRUxCUUFEZ2dFQkFJSEZJOVRBYzdGQ2NoK1c3RmswbG12VnBlSEYKbnRKeEJlWmFyY0plYVZDdDlsWVRFemRPZStOUWY1ZGhHM0NwWXgzQU5LTWN4aUJsVlNCU0dsV2I3TEtxcWlCMAoxd24wMjJ5ZE1sdkRnbEpobDFNWFVUSTBnbjZPMHVsNnFWN1NYRTFxY3hSODB2MXhmUS9xY1J6OTl5U0dFdjIvCjhzZ09xeTFTUzkrMnVLMFVLM1N5UVBIRDNZZWRzdkZUVmNvNmpVMUI4MHlHZVY4YVYxMDU4OTVMTmRYV2tkY2gKWi9idjZ6RkRoYzFqOW9DM2RYZGlydkk0OWxjYlBUTUZyYm95S1RIamxGV0trSXEwQnVGeENUbnh6emFLYjRlRwovaEV3cXl0MHg0L3FhRUJXZk9aWGRiMWt5UXh5cTNINFoxWmt3dUxMaTU5am9MVXNsbVE2N1BybGxSWT0KLS0tLS1FTkQgQ0VSVElGSUNBVEUtLS0tLQo="
              }
            ],
            "created_at": "2020-09-23 12:13:39.729 +0000 UTC",
            "enabled_cluster_log_types": null,
            "encryption_config": [],
            "endpoint": "https://341C5F8EAD697694D544AE62840355C7.sk1.us-east-2.eks.amazonaws.com",
            "id": "eks_cluster_test",
            "identity": [
              {
                "oidc": [
                  {
                    "issuer": "https://oidc.eks.us-east-2.amazonaws.com/id/341C5F8EAD697694D544AE62840355C7"
                  }
                ]
              }
            ],
            "name": "eks_cluster_test",
            "platform_version": "eks.3",
            "role_arn": "arn:aws:iam::784283649222:role/eks-cluster",
            "status": "ACTIVE",
            "tags": {
              "Name": "EKS_test"
            },
            "timeouts": null,
            "version": "1.17",
            "vpc_config": [
              {
                "cluster_security_group_id": "sg-04ad4d3ec3ec2f42f",
                "endpoint_private_access": false,
                "endpoint_public_access": true,
                "public_access_cidrs": [
                  "0.0.0.0/0"
                ],
                "security_group_ids": null,
                "subnet_ids": [
                  "subnet-28721652",
                  "subnet-59456b31"
                ],
                "vpc_id": "vpc-d54640bd"
              }
            ]
          },
          "private": "eyJlMmJmYjczMC1lY2FhLTExZTYtOGY4OC0zNDM2M2JjN2M0YzAiOnsiY3JlYXRlIjoxODAwMDAwMDAwMDAwLCJkZWxldGUiOjkwMDAwMDAwMDAwMCwidXBkYXRlIjozNjAwMDAwMDAwMDAwfX0=",
          "dependencies": [
            "aws_iam_role.eks_cluster"
          ]
        }
      ]
    },
    {
      "mode": "managed",
      "type": "aws_eks_node_group",
      "name": "node",
      "provider": "provider.aws",
      "instances": [
        {
          "schema_version": 0,
          "attributes": {
            "ami_type": "AL2_x86_64",
            "arn": "arn:aws:eks:us-east-2:784283649222:nodegroup/eks_cluster_test/node_test/54ba5d76-19a2-3f85-f247-26841036aa64",
            "cluster_name": "eks_cluster_test",
            "disk_size": 20,
            "force_update_version": null,
            "id": "eks_cluster_test:node_test",
            "instance_types": [
              "t3.medium"
            ],
            "labels": null,
            "launch_template": [],
            "node_group_name": "node_test",
            "node_role_arn": "arn:aws:iam::784283649222:role/eks-node-group-test",
            "release_version": "1.17.9-20200904",
            "remote_access": [],
            "resources": [
              {
                "autoscaling_groups": [
                  {
                    "name": "eks-54ba5d76-19a2-3f85-f247-26841036aa64"
                  }
                ],
                "remote_access_security_group_id": ""
              }
            ],
            "scaling_config": [
              {
                "desired_size": 3,
                "max_size": 3,
                "min_size": 1
              }
            ],
            "status": "ACTIVE",
            "subnet_ids": [
              "subnet-28721652",
              "subnet-59456b31"
            ],
            "tags": null,
            "timeouts": null,
            "version": "1.17"
          },
          "private": "eyJlMmJmYjczMC1lY2FhLTExZTYtOGY4OC0zNDM2M2JjN2M0YzAiOnsiY3JlYXRlIjozNjAwMDAwMDAwMDAwLCJkZWxldGUiOjM2MDAwMDAwMDAwMDAsInVwZGF0ZSI6MzYwMDAwMDAwMDAwMH19",
          "dependencies": [
            "aws_eks_cluster.aws_eks",
            "aws_iam_role.eks_cluster",
            "aws_iam_role.eks_nodes",
            "aws_iam_role_policy_attachment.AmazonEC2ContainerRegistryReadOnly",
            "aws_iam_role_policy_attachment.AmazonEKSWorkerNodePolicy",
            "aws_iam_role_policy_attachment.AmazonEKS_CNI_Policy"
          ]
        }
      ]
    },
    {
      "mode": "managed",
      "type": "aws_iam_role",
      "name": "eks_cluster",
      "provider": "provider.aws",
      "instances": [
        {
          "schema_version": 0,
          "attributes": {
            "arn": "arn:aws:iam::784283649222:role/eks-cluster",
            "assume_role_policy": "{\"Version\":\"2012-10-17\",\"Statement\":[{\"Effect\":\"Allow\",\"Principal\":{\"Service\":\"eks.amazonaws.com\"},\"Action\":\"sts:AssumeRole\"}]}",
            "create_date": "2020-09-23T12:13:32Z",
            "description": "",
            "force_detach_policies": false,
            "id": "eks-cluster",
            "max_session_duration": 3600,
            "name": "eks-cluster",
            "name_prefix": null,
            "path": "/",
            "permissions_boundary": null,
            "tags": null,
            "unique_id": "AROA3NGXSYTDJLVGQE73C"
          },
          "private": "bnVsbA=="
        }
      ]
    },
    {
      "mode": "managed",
      "type": "aws_iam_role",
      "name": "eks_nodes",
      "provider": "provider.aws",
      "instances": [
        {
          "schema_version": 0,
          "attributes": {
            "arn": "arn:aws:iam::784283649222:role/eks-node-group-test",
            "assume_role_policy": "{\"Version\":\"2012-10-17\",\"Statement\":[{\"Effect\":\"Allow\",\"Principal\":{\"Service\":\"ec2.amazonaws.com\"},\"Action\":\"sts:AssumeRole\"}]}",
            "create_date": "2020-09-23T12:13:32Z",
            "description": "",
            "force_detach_policies": false,
            "id": "eks-node-group-test",
            "max_session_duration": 3600,
            "name": "eks-node-group-test",
            "name_prefix": null,
            "path": "/",
            "permissions_boundary": null,
            "tags": null,
            "unique_id": "AROA3NGXSYTDNJTHLWZHL"
          },
          "private": "bnVsbA=="
        }
      ]
    },
    {
      "mode": "managed",
      "type": "aws_iam_role_policy_attachment",
      "name": "AmazonEC2ContainerRegistryReadOnly",
      "provider": "provider.aws",
      "instances": [
        {
          "schema_version": 0,
          "attributes": {
            "id": "eks-node-group-test-20200923121336993900000001",
            "policy_arn": "arn:aws:iam::aws:policy/AmazonEC2ContainerRegistryReadOnly",
            "role": "eks-node-group-test"
          },
          "private": "bnVsbA==",
          "dependencies": [
            "aws_iam_role.eks_nodes"
          ]
        }
      ]
    },
    {
      "mode": "managed",
      "type": "aws_iam_role_policy_attachment",
      "name": "AmazonEKSClusterPolicy",
      "provider": "provider.aws",
      "instances": [
        {
          "schema_version": 0,
          "attributes": {
            "id": "eks-cluster-20200923121337368700000005",
            "policy_arn": "arn:aws:iam::aws:policy/AmazonEKSClusterPolicy",
            "role": "eks-cluster"
          },
          "private": "bnVsbA==",
          "dependencies": [
            "aws_iam_role.eks_cluster"
          ]
        }
      ]
    },
    {
      "mode": "managed",
      "type": "aws_iam_role_policy_attachment",
      "name": "AmazonEKSServicePolicy",
      "provider": "provider.aws",
      "instances": [
        {
          "schema_version": 0,
          "attributes": {
            "id": "eks-cluster-20200923121337045400000003",
            "policy_arn": "arn:aws:iam::aws:policy/AmazonEKSServicePolicy",
            "role": "eks-cluster"
          },
          "private": "bnVsbA==",
          "dependencies": [
            "aws_iam_role.eks_cluster"
          ]
        }
      ]
    },
    {
      "mode": "managed",
      "type": "aws_iam_role_policy_attachment",
      "name": "AmazonEKSWorkerNodePolicy",
      "provider": "provider.aws",
      "instances": [
        {
          "schema_version": 0,
          "attributes": {
            "id": "eks-node-group-test-20200923121337026400000002",
            "policy_arn": "arn:aws:iam::aws:policy/AmazonEKSWorkerNodePolicy",
            "role": "eks-node-group-test"
          },
          "private": "bnVsbA==",
          "dependencies": [
            "aws_iam_role.eks_nodes"
          ]
        }
      ]
    },
    {
      "mode": "managed",
      "type": "aws_iam_role_policy_attachment",
      "name": "AmazonEKS_CNI_Policy",
      "provider": "provider.aws",
      "instances": [
        {
          "schema_version": 0,
          "attributes": {
            "id": "eks-node-group-test-20200923121337134700000004",
            "policy_arn": "arn:aws:iam::aws:policy/AmazonEKS_CNI_Policy",
            "role": "eks-node-group-test"
          },
          "private": "bnVsbA==",
          "dependencies": [
            "aws_iam_role.eks_nodes"
          ]
        }
      ]
    }
  ]
}
